
Microsoft Visual Studio Solution File, Format Version 12.00
# Visual Studio Version 17
VisualStudioVersion = 17.13.35825.156
MinimumVisualStudioVersion = 10.0.40219.1
Project("{2150E333-8FDC-42A3-9474-1A3956D46DE8}") = "Services", "Services", "{02EA681E-C7D8-13C7-8484-4AC65E1B71E8}"
EndProject
Project("{2150E333-8FDC-42A3-9474-1A3956D46DE8}") = "Catalog", "Catalog", "{35DD9BDD-DDB0-4DA2-8A74-20F05F1F4803}"
EndProject
Project("{FAE04EC0-301F-11D3-BF4B-00C04F79EFBC}") = "Multishop.Catalog", "Multishop.Catalog\Multishop.Catalog.csproj", "{64BC156D-36D4-4F32-98FD-FD8D0CCC585F}"
EndProject
Project("{2150E333-8FDC-42A3-9474-1A3956D46DE8}") = "Discount", "Discount", "{2A544CDE-F29A-4364-8746-F2996939A967}"
EndProject
Project("{FAE04EC0-301F-11D3-BF4B-00C04F79EFBC}") = "MultiShop.Discount", "Services\Discount\MultiShop.Discount\MultiShop.Discount.csproj", "{21FC85B1-FB1D-4A0E-8E02-8127CE9EA80A}"
EndProject
Project("{2150E333-8FDC-42A3-9474-1A3956D46DE8}") = "Order", "Order", "{C92D34B9-8155-402F-AF33-AC7345260458}"
EndProject
Project("{2150E333-8FDC-42A3-9474-1A3956D46DE8}") = "Core", "Core", "{0EC05BCB-0D70-4EEA-AA4C-61323BFE3B56}"
EndProject
Project("{2150E333-8FDC-42A3-9474-1A3956D46DE8}") = "Infrastructure", "Infrastructure", "{6074A698-130B-41D0-A5BA-537134ED1413}"
EndProject
Project("{2150E333-8FDC-42A3-9474-1A3956D46DE8}") = "Presentation", "Presentation", "{F4E29522-3048-4D8B-9ECA-D484BA28813D}"
EndProject
Project("{FAE04EC0-301F-11D3-BF4B-00C04F79EFBC}") = "MultiShop.Order.Domain", "Services\Order\Core\MultiShop.Order.Domain\MultiShop.Order.Domain.csproj", "{BD95526F-AE94-473C-8740-11F80443CEF8}"
EndProject
Project("{FAE04EC0-301F-11D3-BF4B-00C04F79EFBC}") = "MultiShop.Order.Application", "Services\Order\Core\MultiShop.Order.Application\MultiShop.Order.Application.csproj", "{CE930C5F-65C5-4395-9AA4-31E756A21792}"
EndProject
Project("{FAE04EC0-301F-11D3-BF4B-00C04F79EFBC}") = "MultiShop.Order.Persistence", "Services\Order\Infrastructure\MultiShop.Order.Persistence\MultiShop.Order.Persistence.csproj", "{C1D3C692-4E2E-4FF4-9FD0-545EB25A1DE6}"
EndProject
Project("{FAE04EC0-301F-11D3-BF4B-00C04F79EFBC}") = "MultiShop.Order.WebApi", "Services\Order\Presentation\MultiShop.Order.WebApi\MultiShop.Order.WebApi.csproj", "{B8626A1F-A9BD-4C1B-A251-75FDC66EA344}"
EndProject
Global
	GlobalSection(SolutionConfigurationPlatforms) = preSolution
		Debug|Any CPU = Debug|Any CPU
		Release|Any CPU = Release|Any CPU
	EndGlobalSection
	GlobalSection(ProjectConfigurationPlatforms) = postSolution
		{64BC156D-36D4-4F32-98FD-FD8D0CCC585F}.Debug|Any CPU.ActiveCfg = Debug|Any CPU
		{64BC156D-36D4-4F32-98FD-FD8D0CCC585F}.Debug|Any CPU.Build.0 = Debug|Any CPU
		{64BC156D-36D4-4F32-98FD-FD8D0CCC585F}.Release|Any CPU.ActiveCfg = Release|Any CPU
		{64BC156D-36D4-4F32-98FD-FD8D0CCC585F}.Release|Any CPU.Build.0 = Release|Any CPU
		{21FC85B1-FB1D-4A0E-8E02-8127CE9EA80A}.Debug|Any CPU.ActiveCfg = Debug|Any CPU
		{21FC85B1-FB1D-4A0E-8E02-8127CE9EA80A}.Debug|Any CPU.Build.0 = Debug|Any CPU
		{21FC85B1-FB1D-4A0E-8E02-8127CE9EA80A}.Release|Any CPU.ActiveCfg = Release|Any CPU
		{21FC85B1-FB1D-4A0E-8E02-8127CE9EA80A}.Release|Any CPU.Build.0 = Release|Any CPU
		{BD95526F-AE94-473C-8740-11F80443CEF8}.Debug|Any CPU.ActiveCfg = Debug|Any CPU
		{BD95526F-AE94-473C-8740-11F80443CEF8}.Debug|Any CPU.Build.0 = Debug|Any CPU
		{BD95526F-AE94-473C-8740-11F80443CEF8}.Release|Any CPU.ActiveCfg = Release|Any CPU
		{BD95526F-AE94-473C-8740-11F80443CEF8}.Release|Any CPU.Build.0 = Release|Any CPU
		{CE930C5F-65C5-4395-9AA4-31E756A21792}.Debug|Any CPU.ActiveCfg = Debug|Any CPU
		{CE930C5F-65C5-4395-9AA4-31E756A21792}.Debug|Any CPU.Build.0 = Debug|Any CPU
		{CE930C5F-65C5-4395-9AA4-31E756A21792}.Release|Any CPU.ActiveCfg = Release|Any CPU
		{CE930C5F-65C5-4395-9AA4-31E756A21792}.Release|Any CPU.Build.0 = Release|Any CPU
		{C1D3C692-4E2E-4FF4-9FD0-545EB25A1DE6}.Debug|Any CPU.ActiveCfg = Debug|Any CPU
		{C1D3C692-4E2E-4FF4-9FD0-545EB25A1DE6}.Debug|Any CPU.Build.0 = Debug|Any CPU
		{C1D3C692-4E2E-4FF4-9FD0-545EB25A1DE6}.Release|Any CPU.ActiveCfg = Release|Any CPU
		{C1D3C692-4E2E-4FF4-9FD0-545EB25A1DE6}.Release|Any CPU.Build.0 = Release|Any CPU
		{B8626A1F-A9BD-4C1B-A251-75FDC66EA344}.Debug|Any CPU.ActiveCfg = Debug|Any CPU
		{B8626A1F-A9BD-4C1B-A251-75FDC66EA344}.Debug|Any CPU.Build.0 = Debug|Any CPU
		{B8626A1F-A9BD-4C1B-A251-75FDC66EA344}.Release|Any CPU.ActiveCfg = Release|Any CPU
		{B8626A1F-A9BD-4C1B-A251-75FDC66EA344}.Release|Any CPU.Build.0 = Release|Any CPU
	EndGlobalSection
	GlobalSection(SolutionProperties) = preSolution
		HideSolutionNode = FALSE
	EndGlobalSection
	GlobalSection(NestedProjects) = preSolution
		{35DD9BDD-DDB0-4DA2-8A74-20F05F1F4803} = {02EA681E-C7D8-13C7-8484-4AC65E1B71E8}
		{64BC156D-36D4-4F32-98FD-FD8D0CCC585F} = {35DD9BDD-DDB0-4DA2-8A74-20F05F1F4803}
		{2A544CDE-F29A-4364-8746-F2996939A967} = {02EA681E-C7D8-13C7-8484-4AC65E1B71E8}
		{21FC85B1-FB1D-4A0E-8E02-8127CE9EA80A} = {2A544CDE-F29A-4364-8746-F2996939A967}
		{C92D34B9-8155-402F-AF33-AC7345260458} = {02EA681E-C7D8-13C7-8484-4AC65E1B71E8}
		{0EC05BCB-0D70-4EEA-AA4C-61323BFE3B56} = {C92D34B9-8155-402F-AF33-AC7345260458}
		{6074A698-130B-41D0-A5BA-537134ED1413} = {C92D34B9-8155-402F-AF33-AC7345260458}
		{F4E29522-3048-4D8B-9ECA-D484BA28813D} = {C92D34B9-8155-402F-AF33-AC7345260458}
		{BD95526F-AE94-473C-8740-11F80443CEF8} = {0EC05BCB-0D70-4EEA-AA4C-61323BFE3B56}
		{CE930C5F-65C5-4395-9AA4-31E756A21792} = {0EC05BCB-0D70-4EEA-AA4C-61323BFE3B56}
		{C1D3C692-4E2E-4FF4-9FD0-545EB25A1DE6} = {6074A698-130B-41D0-A5BA-537134ED1413}
		{B8626A1F-A9BD-4C1B-A251-75FDC66EA344} = {F4E29522-3048-4D8B-9ECA-D484BA28813D}
	EndGlobalSection
	GlobalSection(ExtensibilityGlobals) = postSolution
		SolutionGuid = {649478C0-F51A-494B-8208-E8AF64D74B13}
	EndGlobalSection
EndGlobal
